# This file was autogenerated by Stack.
# You should not edit this file by hand.
# For more information, please see the documentation at:
#   https://docs.haskellstack.org/en/stable/lock_files

packages:
- completed:
    hackage: mockcat-0.5.1.0@sha256:1ec6f18830b4c35e4571272d6a266ab094b587069496f56b22ec5bf2545b0ff3,3002
    pantry-tree:
      sha256: d8500386c61861ed243d2cd958e7334c0e175492d2d65244de338c152f8f5160
      size: 1647
  original:
    hackage: mockcat-0.5.1.0
snapshots:
- completed:
    sha256: 31a722458578b1f709b6fe098d9027bbb5c04b4430e7338a5e69707bd3990e5d
    size: 720019
    url: https://raw.githubusercontent.com/commercialhaskell/stackage-snapshots/master/lts/22/35.yaml
  original:
    url: https://raw.githubusercontent.com/commercialhaskell/stackage-snapshots/master/lts/22/35.yaml
